# THIS IS AN AUTOGENERATED FILE. DO NOT EDIT THIS FILE DIRECTLY.
# yarn lockfile v1


"@ev-fp/either@^0.1.1":
  version "0.1.1"
  resolved "https://registry.yarnpkg.com/@ev-fp/either/-/either-0.1.1.tgz#6969dd9cadbe30e59aea3a40687a405bbcc733cd"
  integrity sha512-KR9AcQ76rJqhNG02ALPleGxrsXWEFupP825L0Ce8vgpJBIYTmX5/1eo787910tCRH8cRq6ytgoUfRbakqqrUKA==
